
Microsoft Visual Studio Solution File, Format Version 12.00
# Visual Studio Version 17
VisualStudioVersion = 17.0.31912.275
MinimumVisualStudioVersion = 10.0.40219.1
Project("{FAE04EC0-301F-11D3-BF4B-00C04F79EFBC}") = "LambdaTestToolError.API", "LambdaTestToolError.API\LambdaTestToolError.API.csproj", "{19E9EFE3-A44C-45EC-9698-DDA7DD323096}"
EndProject
Global
	GlobalSection(SolutionConfigurationPlatforms) = preSolution
		Debug|Any CPU = Debug|Any CPU
		Release|Any CPU = Release|Any CPU
	EndGlobalSection
	GlobalSection(ProjectConfigurationPlatforms) = postSolution
		{19E9EFE3-A44C-45EC-9698-DDA7DD323096}.Debug|Any CPU.ActiveCfg = Debug|Any CPU
		{19E9EFE3-A44C-45EC-9698-DDA7DD323096}.Debug|Any CPU.Build.0 = Debug|Any CPU
		{19E9EFE3-A44C-45EC-9698-DDA7DD323096}.Release|Any CPU.ActiveCfg = Release|Any CPU
		{19E9EFE3-A44C-45EC-9698-DDA7DD323096}.Release|Any CPU.Build.0 = Release|Any CPU
	EndGlobalSection
	GlobalSection(SolutionProperties) = preSolution
		HideSolutionNode = FALSE
	EndGlobalSection
	GlobalSection(ExtensibilityGlobals) = postSolution
		SolutionGuid = {8E4FD20D-15E5-4E42-A2BC-13087E2D9115}
	EndGlobalSection
EndGlobal
